
Microsoft Visual Studio Solution File, Format Version 11.00
# Visual Studio 2010
Project("{8BC9CEB8-8B4A-11D0-8D11-00A0C91BC942}") = "speech-project", "speech-project\speech-project.vcxproj", "{39EC7F37-BA1D-484E-95E7-E123FDE3F779}"
EndProject
Global
	GlobalSection(SolutionConfigurationPlatforms) = preSolution
		Debug|Win32 = Debug|Win32
		Release|Win32 = Release|Win32
	EndGlobalSection
	GlobalSection(ProjectConfigurationPlatforms) = postSolution
		{39EC7F37-BA1D-484E-95E7-E123FDE3F779}.Debug|Win32.ActiveCfg = Debug|Win32
		{39EC7F37-BA1D-484E-95E7-E123FDE3F779}.Debug|Win32.Build.0 = Debug|Win32
		{39EC7F37-BA1D-484E-95E7-E123FDE3F779}.Release|Win32.ActiveCfg = Release|Win32
		{39EC7F37-BA1D-484E-95E7-E123FDE3F779}.Release|Win32.Build.0 = Release|Win32
	EndGlobalSection
	GlobalSection(SolutionProperties) = preSolution
		HideSolutionNode = FALSE
	EndGlobalSection
EndGlobal
